
Microsoft Visual Studio Solution File, Format Version 12.00
# Visual Studio Version 17
VisualStudioVersion = 17.14.36301.6
MinimumVisualStudioVersion = 10.0.40219.1
Project("{2150E333-8FDC-42A3-9474-1A3956D46DE8}") = "assets", "assets", "{02EA681E-C7D8-13C7-8484-4AC65E1B71E8}"
	ProjectSection(SolutionItems) = preProject
		Directory.Build.props = Directory.Build.props
		Directory.Build.targets = Directory.Build.targets
		Directory.Packages.props = Directory.Packages.props
		global.json = global.json
		README.md = README.md
	EndProjectSection
EndProject
Project("{2150E333-8FDC-42A3-9474-1A3956D46DE8}") = "src", "src", "{4CA9D0EC-9739-4751-B08B-DF40599F2A52}"
EndProject
Project("{2150E333-8FDC-42A3-9474-1A3956D46DE8}") = "apps", "apps", "{57225CEE-0693-4B59-97A3-AC8B03ABCCE3}"
EndProject
Project("{FAE04EC0-301F-11D3-BF4B-00C04F79EFBC}") = "Starlights.Application", "src\apps\Starlights.Application\Starlights.Application.csproj", "{CB8F0214-70DD-422A-84E6-ADF3F63D661D}"
EndProject
Project("{2150E333-8FDC-42A3-9474-1A3956D46DE8}") = "platform", "platform", "{C840D2F9-B821-4C84-B2D2-5CB18C1C9F23}"
EndProject
Project("{2150E333-8FDC-42A3-9474-1A3956D46DE8}") = "modules", "modules", "{AE52B474-883E-423F-A4BB-2724CDDD8AD0}"
EndProject
Project("{2150E333-8FDC-42A3-9474-1A3956D46DE8}") = "elements", "elements", "{6ED99F10-9BC8-4FE3-B34C-AB17B8F00D61}"
EndProject
Project("{FAE04EC0-301F-11D3-BF4B-00C04F79EFBC}") = "Starlights.Platform.Hosting", "src\platform\Starlights.Platform.Hosting\Starlights.Platform.Hosting.csproj", "{ADE9254E-4C16-4541-A4CE-1A176C6C9051}"
EndProject
Project("{FAE04EC0-301F-11D3-BF4B-00C04F79EFBC}") = "Starlights.Platform.Hosting.Abstractions", "src\platform\Starlights.Platform.Hosting.Abstractions\Starlights.Platform.Hosting.Abstractions.csproj", "{A62B6137-209E-4F1B-889C-1778C0CBA17A}"
EndProject
Project("{2150E333-8FDC-42A3-9474-1A3956D46DE8}") = "tests", "tests", "{E3D190F9-83DD-4164-9D06-63EE3FD45463}"
EndProject
Project("{FAE04EC0-301F-11D3-BF4B-00C04F79EFBC}") = "Starlights.Platform.Tests", "src\platform\Starlights.Platform.Tests\Starlights.Platform.Tests.csproj", "{FBD827D7-BDD2-4C9B-A2A7-C1F514E427D7}"
EndProject
Project("{FAE04EC0-301F-11D3-BF4B-00C04F79EFBC}") = "Starlights.Platform", "src\platform\Starlights.Platform\Starlights.Platform.csproj", "{F53EED3F-369A-4BA2-B5DD-61082E15A9B5}"
EndProject
Global
	GlobalSection(SolutionConfigurationPlatforms) = preSolution
		Debug|Any CPU = Debug|Any CPU
		Release|Any CPU = Release|Any CPU
	EndGlobalSection
	GlobalSection(ProjectConfigurationPlatforms) = postSolution
		{CB8F0214-70DD-422A-84E6-ADF3F63D661D}.Debug|Any CPU.ActiveCfg = Debug|Any CPU
		{CB8F0214-70DD-422A-84E6-ADF3F63D661D}.Debug|Any CPU.Build.0 = Debug|Any CPU
		{CB8F0214-70DD-422A-84E6-ADF3F63D661D}.Release|Any CPU.ActiveCfg = Release|Any CPU
		{CB8F0214-70DD-422A-84E6-ADF3F63D661D}.Release|Any CPU.Build.0 = Release|Any CPU
		{ADE9254E-4C16-4541-A4CE-1A176C6C9051}.Debug|Any CPU.ActiveCfg = Debug|Any CPU
		{ADE9254E-4C16-4541-A4CE-1A176C6C9051}.Debug|Any CPU.Build.0 = Debug|Any CPU
		{ADE9254E-4C16-4541-A4CE-1A176C6C9051}.Release|Any CPU.ActiveCfg = Release|Any CPU
		{ADE9254E-4C16-4541-A4CE-1A176C6C9051}.Release|Any CPU.Build.0 = Release|Any CPU
		{A62B6137-209E-4F1B-889C-1778C0CBA17A}.Debug|Any CPU.ActiveCfg = Debug|Any CPU
		{A62B6137-209E-4F1B-889C-1778C0CBA17A}.Debug|Any CPU.Build.0 = Debug|Any CPU
		{A62B6137-209E-4F1B-889C-1778C0CBA17A}.Release|Any CPU.ActiveCfg = Release|Any CPU
		{A62B6137-209E-4F1B-889C-1778C0CBA17A}.Release|Any CPU.Build.0 = Release|Any CPU
		{FBD827D7-BDD2-4C9B-A2A7-C1F514E427D7}.Debug|Any CPU.ActiveCfg = Debug|Any CPU
		{FBD827D7-BDD2-4C9B-A2A7-C1F514E427D7}.Debug|Any CPU.Build.0 = Debug|Any CPU
		{FBD827D7-BDD2-4C9B-A2A7-C1F514E427D7}.Release|Any CPU.ActiveCfg = Release|Any CPU
		{FBD827D7-BDD2-4C9B-A2A7-C1F514E427D7}.Release|Any CPU.Build.0 = Release|Any CPU
		{F53EED3F-369A-4BA2-B5DD-61082E15A9B5}.Debug|Any CPU.ActiveCfg = Debug|Any CPU
		{F53EED3F-369A-4BA2-B5DD-61082E15A9B5}.Debug|Any CPU.Build.0 = Debug|Any CPU
		{F53EED3F-369A-4BA2-B5DD-61082E15A9B5}.Release|Any CPU.ActiveCfg = Release|Any CPU
		{F53EED3F-369A-4BA2-B5DD-61082E15A9B5}.Release|Any CPU.Build.0 = Release|Any CPU
	EndGlobalSection
	GlobalSection(SolutionProperties) = preSolution
		HideSolutionNode = FALSE
	EndGlobalSection
	GlobalSection(NestedProjects) = preSolution
		{57225CEE-0693-4B59-97A3-AC8B03ABCCE3} = {4CA9D0EC-9739-4751-B08B-DF40599F2A52}
		{CB8F0214-70DD-422A-84E6-ADF3F63D661D} = {57225CEE-0693-4B59-97A3-AC8B03ABCCE3}
		{C840D2F9-B821-4C84-B2D2-5CB18C1C9F23} = {4CA9D0EC-9739-4751-B08B-DF40599F2A52}
		{AE52B474-883E-423F-A4BB-2724CDDD8AD0} = {4CA9D0EC-9739-4751-B08B-DF40599F2A52}
		{6ED99F10-9BC8-4FE3-B34C-AB17B8F00D61} = {AE52B474-883E-423F-A4BB-2724CDDD8AD0}
		{ADE9254E-4C16-4541-A4CE-1A176C6C9051} = {C840D2F9-B821-4C84-B2D2-5CB18C1C9F23}
		{A62B6137-209E-4F1B-889C-1778C0CBA17A} = {C840D2F9-B821-4C84-B2D2-5CB18C1C9F23}
		{E3D190F9-83DD-4164-9D06-63EE3FD45463} = {C840D2F9-B821-4C84-B2D2-5CB18C1C9F23}
		{FBD827D7-BDD2-4C9B-A2A7-C1F514E427D7} = {E3D190F9-83DD-4164-9D06-63EE3FD45463}
		{F53EED3F-369A-4BA2-B5DD-61082E15A9B5} = {C840D2F9-B821-4C84-B2D2-5CB18C1C9F23}
	EndGlobalSection
	GlobalSection(ExtensibilityGlobals) = postSolution
		SolutionGuid = {DE2DCF26-AB5D-419A-BA72-592FBBB9D7C6}
	EndGlobalSection
EndGlobal
