
Microsoft Visual Studio Solution File, Format Version 12.00
# Visual Studio Version 17
VisualStudioVersion = 17.14.36301.6
MinimumVisualStudioVersion = 10.0.40219.1
Project("{2150E333-8FDC-42A3-9474-1A3956D46DE8}") = "assets", "assets", "{02EA681E-C7D8-13C7-8484-4AC65E1B71E8}"
	ProjectSection(SolutionItems) = preProject
		Directory.Build.props = Directory.Build.props
		Directory.Build.targets = Directory.Build.targets
		Directory.Packages.props = Directory.Packages.props
		global.json = global.json
		README.md = README.md
	EndProjectSection
EndProject
Project("{2150E333-8FDC-42A3-9474-1A3956D46DE8}") = "src", "src", "{4CA9D0EC-9739-4751-B08B-DF40599F2A52}"
EndProject
Project("{2150E333-8FDC-42A3-9474-1A3956D46DE8}") = "apps", "apps", "{57225CEE-0693-4B59-97A3-AC8B03ABCCE3}"
EndProject
Project("{FAE04EC0-301F-11D3-BF4B-00C04F79EFBC}") = "Starlights.Application", "src\apps\Starlights.Application\Starlights.Application.csproj", "{CB8F0214-70DD-422A-84E6-ADF3F63D661D}"
EndProject
Project("{2150E333-8FDC-42A3-9474-1A3956D46DE8}") = "platform", "platform", "{C840D2F9-B821-4C84-B2D2-5CB18C1C9F23}"
EndProject
Project("{2150E333-8FDC-42A3-9474-1A3956D46DE8}") = "modules", "modules", "{AE52B474-883E-423F-A4BB-2724CDDD8AD0}"
EndProject
Project("{2150E333-8FDC-42A3-9474-1A3956D46DE8}") = "elements", "elements", "{6ED99F10-9BC8-4FE3-B34C-AB17B8F00D61}"
EndProject
Project("{FAE04EC0-301F-11D3-BF4B-00C04F79EFBC}") = "Starlights.Platform.Hosting", "src\platform\Starlights.Platform.Hosting\Starlights.Platform.Hosting.csproj", "{ADE9254E-4C16-4541-A4CE-1A176C6C9051}"
EndProject
Project("{FAE04EC0-301F-11D3-BF4B-00C04F79EFBC}") = "Starlights.Platform.Hosting.Abstractions", "src\platform\Starlights.Platform.Hosting.Abstractions\Starlights.Platform.Hosting.Abstractions.csproj", "{A62B6137-209E-4F1B-889C-1778C0CBA17A}"
EndProject
Project("{2150E333-8FDC-42A3-9474-1A3956D46DE8}") = "tests", "tests", "{E3D190F9-83DD-4164-9D06-63EE3FD45463}"
EndProject
Project("{FAE04EC0-301F-11D3-BF4B-00C04F79EFBC}") = "Starlights.Platform.Tests", "src\platform\Starlights.Platform.Tests\Starlights.Platform.Tests.csproj", "{FBD827D7-BDD2-4C9B-A2A7-C1F514E427D7}"
EndProject
Project("{FAE04EC0-301F-11D3-BF4B-00C04F79EFBC}") = "Starlights.Platform", "src\platform\Starlights.Platform\Starlights.Platform.csproj", "{F53EED3F-369A-4BA2-B5DD-61082E15A9B5}"
EndProject
Project("{FAE04EC0-301F-11D3-BF4B-00C04F79EFBC}") = "Modules.Elements", "src\modules\elements\Modules.Elements\Modules.Elements.csproj", "{F42D898A-A891-42E1-99E0-F7EEF7814A12}"
EndProject
Project("{FAE04EC0-301F-11D3-BF4B-00C04F79EFBC}") = "Modules.Elements.Tests", "src\modules\elements\Modules.Elements.Tests\Modules.Elements.Tests.csproj", "{D2B59FD4-D3B0-4EC2-9897-C58B24186A88}"
EndProject
Project("{2150E333-8FDC-42A3-9474-1A3956D46DE8}") = "tests", "tests", "{2072DE9B-881E-413F-8B61-2403BF4A1405}"
EndProject
Project("{FAE04EC0-301F-11D3-BF4B-00C04F79EFBC}") = "Modules.Elements.Integration.Abstractions", "src\modules\elements\Modules.Elements.Integration.Abstractions\Modules.Elements.Integration.Abstractions.csproj", "{150E417D-A00E-400C-A1EB-C66DA23BC16E}"
EndProject
Project("{FAE04EC0-301F-11D3-BF4B-00C04F79EFBC}") = "Starlights.Platform.Components.Data.EntityFramework", "src\platform\components\Starlights.Extensions.Platform.Data.EntityFramework\Starlights.Platform.Components.Data.EntityFramework.csproj", "{F9A7BDB2-9DCF-4E16-9934-6BE0B83CC284}"
EndProject
Project("{FAE04EC0-301F-11D3-BF4B-00C04F79EFBC}") = "Modules.Elements.Data.EntityFramework", "src\modules\elements\Modules.Elements.Data.EntityFramework\Modules.Elements.Data.EntityFramework.csproj", "{49D2699A-427E-4388-B9DF-3C6E5EBF0146}"
EndProject
Project("{FAE04EC0-301F-11D3-BF4B-00C04F79EFBC}") = "Starlights.Platform.Data", "src\platform\Starlights.Platform.Data\Starlights.Platform.Data.csproj", "{BF7DB35B-E014-4B73-A491-627122312C7C}"
EndProject
Project("{FAE04EC0-301F-11D3-BF4B-00C04F79EFBC}") = "Modules.Elements.Domain", "src\modules\elements\Modules.Elements.Domain\Modules.Elements.Domain.csproj", "{50AD13D4-A4B1-423E-88D5-9985BA9A87B7}"
EndProject
Project("{2150E333-8FDC-42A3-9474-1A3956D46DE8}") = "integration", "integration", "{16CB40A1-26BB-4950-AB2E-37F37798D00A}"
EndProject
Project("{2150E333-8FDC-42A3-9474-1A3956D46DE8}") = "tests", "tests", "{128F28F2-7131-4C7B-A386-8E6984195241}"
EndProject
Project("{2150E333-8FDC-42A3-9474-1A3956D46DE8}") = "components", "components", "{D42B1339-D2AE-42CB-9AF5-78612A3DFB10}"
EndProject
Project("{2150E333-8FDC-42A3-9474-1A3956D46DE8}") = "aspire", "aspire", "{27E01094-52D2-4E80-B911-2B6CE218F09A}"
EndProject
Project("{FAE04EC0-301F-11D3-BF4B-00C04F79EFBC}") = "Starlights.Platform.Components.FastEndpoints", "src\platform\components\Starlights.Platform.Components.FastEndpoints\Starlights.Platform.Components.FastEndpoints.csproj", "{554E31B4-0DAB-47D1-BB00-C669FD63C16E}"
EndProject
Project("{FAE04EC0-301F-11D3-BF4B-00C04F79EFBC}") = "Modules.Elements.Endpoints", "src\modules\elements\Modules.Elements.Endpoints\Modules.Elements.Endpoints.csproj", "{0ECC6BED-E1AB-4DBB-A4A3-9B72B1C2BE57}"
EndProject
Project("{FAE04EC0-301F-11D3-BF4B-00C04F79EFBC}") = "Modules.Elements.Data", "src\modules\elements\Modules.Elements.Data\Modules.Elements.Data.csproj", "{944257C4-9FD2-49FC-8213-8011F268F705}"
EndProject
Project("{FAE04EC0-301F-11D3-BF4B-00C04F79EFBC}") = "Starlights.Integration.Tests", "src\integration\Starlights.Integration.Tests\Starlights.Integration.Tests.csproj", "{848A8A0F-0141-4106-A9B5-D56693660238}"
EndProject
Project("{FAE04EC0-301F-11D3-BF4B-00C04F79EFBC}") = "Starlights.AppHost", "src\aspire\Starlights.AppHost\Starlights.AppHost.csproj", "{2001E71A-E1DD-4E96-B659-33C5319CD777}"
EndProject
Project("{FAE04EC0-301F-11D3-BF4B-00C04F79EFBC}") = "Starlights.ServiceDefaults", "src\aspire\Starlights.ServiceDefaults\Starlights.ServiceDefaults.csproj", "{3A0C4DB3-22BB-23A8-FAD3-FDAE10F71E8B}"
EndProject
Project("{2150E333-8FDC-42A3-9474-1A3956D46DE8}") = "systems", "systems", "{DC912414-0EC8-4BE2-A984-246D701220D2}"
EndProject
Project("{FAE04EC0-301F-11D3-BF4B-00C04F79EFBC}") = "Starlights.Platform.Components.Serilog", "src\platform\components\Starlights.Platform.Components.Serilog\Starlights.Platform.Components.Serilog.csproj", "{FB56BC7F-0437-486E-9D4A-B001D506EDEB}"
EndProject
Project("{FAE04EC0-301F-11D3-BF4B-00C04F79EFBC}") = "Modules.Elements.Data.EntityFramework.MigrationService", "src\modules\elements\Modules.Elements.Data.EntityFramework.MigrationService\Modules.Elements.Data.EntityFramework.MigrationService.csproj", "{2F3D88CC-2F76-A213-0B26-C72EE4C6251C}"
EndProject
Global
	GlobalSection(SolutionConfigurationPlatforms) = preSolution
		Debug|Any CPU = Debug|Any CPU
		Release|Any CPU = Release|Any CPU
	EndGlobalSection
	GlobalSection(ProjectConfigurationPlatforms) = postSolution
		{CB8F0214-70DD-422A-84E6-ADF3F63D661D}.Debug|Any CPU.ActiveCfg = Debug|Any CPU
		{CB8F0214-70DD-422A-84E6-ADF3F63D661D}.Debug|Any CPU.Build.0 = Debug|Any CPU
		{CB8F0214-70DD-422A-84E6-ADF3F63D661D}.Release|Any CPU.ActiveCfg = Release|Any CPU
		{CB8F0214-70DD-422A-84E6-ADF3F63D661D}.Release|Any CPU.Build.0 = Release|Any CPU
		{ADE9254E-4C16-4541-A4CE-1A176C6C9051}.Debug|Any CPU.ActiveCfg = Debug|Any CPU
		{ADE9254E-4C16-4541-A4CE-1A176C6C9051}.Debug|Any CPU.Build.0 = Debug|Any CPU
		{ADE9254E-4C16-4541-A4CE-1A176C6C9051}.Release|Any CPU.ActiveCfg = Release|Any CPU
		{ADE9254E-4C16-4541-A4CE-1A176C6C9051}.Release|Any CPU.Build.0 = Release|Any CPU
		{A62B6137-209E-4F1B-889C-1778C0CBA17A}.Debug|Any CPU.ActiveCfg = Debug|Any CPU
		{A62B6137-209E-4F1B-889C-1778C0CBA17A}.Debug|Any CPU.Build.0 = Debug|Any CPU
		{A62B6137-209E-4F1B-889C-1778C0CBA17A}.Release|Any CPU.ActiveCfg = Release|Any CPU
		{A62B6137-209E-4F1B-889C-1778C0CBA17A}.Release|Any CPU.Build.0 = Release|Any CPU
		{FBD827D7-BDD2-4C9B-A2A7-C1F514E427D7}.Debug|Any CPU.ActiveCfg = Debug|Any CPU
		{FBD827D7-BDD2-4C9B-A2A7-C1F514E427D7}.Debug|Any CPU.Build.0 = Debug|Any CPU
		{FBD827D7-BDD2-4C9B-A2A7-C1F514E427D7}.Release|Any CPU.ActiveCfg = Release|Any CPU
		{FBD827D7-BDD2-4C9B-A2A7-C1F514E427D7}.Release|Any CPU.Build.0 = Release|Any CPU
		{F53EED3F-369A-4BA2-B5DD-61082E15A9B5}.Debug|Any CPU.ActiveCfg = Debug|Any CPU
		{F53EED3F-369A-4BA2-B5DD-61082E15A9B5}.Debug|Any CPU.Build.0 = Debug|Any CPU
		{F53EED3F-369A-4BA2-B5DD-61082E15A9B5}.Release|Any CPU.ActiveCfg = Release|Any CPU
		{F53EED3F-369A-4BA2-B5DD-61082E15A9B5}.Release|Any CPU.Build.0 = Release|Any CPU
		{F42D898A-A891-42E1-99E0-F7EEF7814A12}.Debug|Any CPU.ActiveCfg = Debug|Any CPU
		{F42D898A-A891-42E1-99E0-F7EEF7814A12}.Debug|Any CPU.Build.0 = Debug|Any CPU
		{F42D898A-A891-42E1-99E0-F7EEF7814A12}.Release|Any CPU.ActiveCfg = Release|Any CPU
		{F42D898A-A891-42E1-99E0-F7EEF7814A12}.Release|Any CPU.Build.0 = Release|Any CPU
		{D2B59FD4-D3B0-4EC2-9897-C58B24186A88}.Debug|Any CPU.ActiveCfg = Debug|Any CPU
		{D2B59FD4-D3B0-4EC2-9897-C58B24186A88}.Debug|Any CPU.Build.0 = Debug|Any CPU
		{D2B59FD4-D3B0-4EC2-9897-C58B24186A88}.Release|Any CPU.ActiveCfg = Release|Any CPU
		{D2B59FD4-D3B0-4EC2-9897-C58B24186A88}.Release|Any CPU.Build.0 = Release|Any CPU
		{150E417D-A00E-400C-A1EB-C66DA23BC16E}.Debug|Any CPU.ActiveCfg = Debug|Any CPU
		{150E417D-A00E-400C-A1EB-C66DA23BC16E}.Debug|Any CPU.Build.0 = Debug|Any CPU
		{150E417D-A00E-400C-A1EB-C66DA23BC16E}.Release|Any CPU.ActiveCfg = Release|Any CPU
		{150E417D-A00E-400C-A1EB-C66DA23BC16E}.Release|Any CPU.Build.0 = Release|Any CPU
		{F9A7BDB2-9DCF-4E16-9934-6BE0B83CC284}.Debug|Any CPU.ActiveCfg = Debug|Any CPU
		{F9A7BDB2-9DCF-4E16-9934-6BE0B83CC284}.Debug|Any CPU.Build.0 = Debug|Any CPU
		{F9A7BDB2-9DCF-4E16-9934-6BE0B83CC284}.Release|Any CPU.ActiveCfg = Release|Any CPU
		{F9A7BDB2-9DCF-4E16-9934-6BE0B83CC284}.Release|Any CPU.Build.0 = Release|Any CPU
		{49D2699A-427E-4388-B9DF-3C6E5EBF0146}.Debug|Any CPU.ActiveCfg = Debug|Any CPU
		{49D2699A-427E-4388-B9DF-3C6E5EBF0146}.Debug|Any CPU.Build.0 = Debug|Any CPU
		{49D2699A-427E-4388-B9DF-3C6E5EBF0146}.Release|Any CPU.ActiveCfg = Release|Any CPU
		{49D2699A-427E-4388-B9DF-3C6E5EBF0146}.Release|Any CPU.Build.0 = Release|Any CPU
		{BF7DB35B-E014-4B73-A491-627122312C7C}.Debug|Any CPU.ActiveCfg = Debug|Any CPU
		{BF7DB35B-E014-4B73-A491-627122312C7C}.Debug|Any CPU.Build.0 = Debug|Any CPU
		{BF7DB35B-E014-4B73-A491-627122312C7C}.Release|Any CPU.ActiveCfg = Release|Any CPU
		{BF7DB35B-E014-4B73-A491-627122312C7C}.Release|Any CPU.Build.0 = Release|Any CPU
		{50AD13D4-A4B1-423E-88D5-9985BA9A87B7}.Debug|Any CPU.ActiveCfg = Debug|Any CPU
		{50AD13D4-A4B1-423E-88D5-9985BA9A87B7}.Debug|Any CPU.Build.0 = Debug|Any CPU
		{50AD13D4-A4B1-423E-88D5-9985BA9A87B7}.Release|Any CPU.ActiveCfg = Release|Any CPU
		{50AD13D4-A4B1-423E-88D5-9985BA9A87B7}.Release|Any CPU.Build.0 = Release|Any CPU
		{554E31B4-0DAB-47D1-BB00-C669FD63C16E}.Debug|Any CPU.ActiveCfg = Debug|Any CPU
		{554E31B4-0DAB-47D1-BB00-C669FD63C16E}.Debug|Any CPU.Build.0 = Debug|Any CPU
		{554E31B4-0DAB-47D1-BB00-C669FD63C16E}.Release|Any CPU.ActiveCfg = Release|Any CPU
		{554E31B4-0DAB-47D1-BB00-C669FD63C16E}.Release|Any CPU.Build.0 = Release|Any CPU
		{0ECC6BED-E1AB-4DBB-A4A3-9B72B1C2BE57}.Debug|Any CPU.ActiveCfg = Debug|Any CPU
		{0ECC6BED-E1AB-4DBB-A4A3-9B72B1C2BE57}.Debug|Any CPU.Build.0 = Debug|Any CPU
		{0ECC6BED-E1AB-4DBB-A4A3-9B72B1C2BE57}.Release|Any CPU.ActiveCfg = Release|Any CPU
		{0ECC6BED-E1AB-4DBB-A4A3-9B72B1C2BE57}.Release|Any CPU.Build.0 = Release|Any CPU
		{944257C4-9FD2-49FC-8213-8011F268F705}.Debug|Any CPU.ActiveCfg = Debug|Any CPU
		{944257C4-9FD2-49FC-8213-8011F268F705}.Debug|Any CPU.Build.0 = Debug|Any CPU
		{944257C4-9FD2-49FC-8213-8011F268F705}.Release|Any CPU.ActiveCfg = Release|Any CPU
		{944257C4-9FD2-49FC-8213-8011F268F705}.Release|Any CPU.Build.0 = Release|Any CPU
		{848A8A0F-0141-4106-A9B5-D56693660238}.Debug|Any CPU.ActiveCfg = Debug|Any CPU
		{848A8A0F-0141-4106-A9B5-D56693660238}.Debug|Any CPU.Build.0 = Debug|Any CPU
		{848A8A0F-0141-4106-A9B5-D56693660238}.Release|Any CPU.ActiveCfg = Release|Any CPU
		{848A8A0F-0141-4106-A9B5-D56693660238}.Release|Any CPU.Build.0 = Release|Any CPU
		{2001E71A-E1DD-4E96-B659-33C5319CD777}.Debug|Any CPU.ActiveCfg = Debug|Any CPU
		{2001E71A-E1DD-4E96-B659-33C5319CD777}.Debug|Any CPU.Build.0 = Debug|Any CPU
		{2001E71A-E1DD-4E96-B659-33C5319CD777}.Release|Any CPU.ActiveCfg = Release|Any CPU
		{2001E71A-E1DD-4E96-B659-33C5319CD777}.Release|Any CPU.Build.0 = Release|Any CPU
		{3A0C4DB3-22BB-23A8-FAD3-FDAE10F71E8B}.Debug|Any CPU.ActiveCfg = Debug|Any CPU
		{3A0C4DB3-22BB-23A8-FAD3-FDAE10F71E8B}.Debug|Any CPU.Build.0 = Debug|Any CPU
		{3A0C4DB3-22BB-23A8-FAD3-FDAE10F71E8B}.Release|Any CPU.ActiveCfg = Release|Any CPU
		{3A0C4DB3-22BB-23A8-FAD3-FDAE10F71E8B}.Release|Any CPU.Build.0 = Release|Any CPU
		{FB56BC7F-0437-486E-9D4A-B001D506EDEB}.Debug|Any CPU.ActiveCfg = Debug|Any CPU
		{FB56BC7F-0437-486E-9D4A-B001D506EDEB}.Debug|Any CPU.Build.0 = Debug|Any CPU
		{FB56BC7F-0437-486E-9D4A-B001D506EDEB}.Release|Any CPU.ActiveCfg = Release|Any CPU
		{FB56BC7F-0437-486E-9D4A-B001D506EDEB}.Release|Any CPU.Build.0 = Release|Any CPU
		{2F3D88CC-2F76-A213-0B26-C72EE4C6251C}.Debug|Any CPU.ActiveCfg = Debug|Any CPU
		{2F3D88CC-2F76-A213-0B26-C72EE4C6251C}.Debug|Any CPU.Build.0 = Debug|Any CPU
		{2F3D88CC-2F76-A213-0B26-C72EE4C6251C}.Release|Any CPU.ActiveCfg = Release|Any CPU
		{2F3D88CC-2F76-A213-0B26-C72EE4C6251C}.Release|Any CPU.Build.0 = Release|Any CPU
	EndGlobalSection
	GlobalSection(SolutionProperties) = preSolution
		HideSolutionNode = FALSE
	EndGlobalSection
	GlobalSection(NestedProjects) = preSolution
		{57225CEE-0693-4B59-97A3-AC8B03ABCCE3} = {4CA9D0EC-9739-4751-B08B-DF40599F2A52}
		{CB8F0214-70DD-422A-84E6-ADF3F63D661D} = {57225CEE-0693-4B59-97A3-AC8B03ABCCE3}
		{C840D2F9-B821-4C84-B2D2-5CB18C1C9F23} = {4CA9D0EC-9739-4751-B08B-DF40599F2A52}
		{AE52B474-883E-423F-A4BB-2724CDDD8AD0} = {4CA9D0EC-9739-4751-B08B-DF40599F2A52}
		{6ED99F10-9BC8-4FE3-B34C-AB17B8F00D61} = {AE52B474-883E-423F-A4BB-2724CDDD8AD0}
		{ADE9254E-4C16-4541-A4CE-1A176C6C9051} = {C840D2F9-B821-4C84-B2D2-5CB18C1C9F23}
		{A62B6137-209E-4F1B-889C-1778C0CBA17A} = {C840D2F9-B821-4C84-B2D2-5CB18C1C9F23}
		{E3D190F9-83DD-4164-9D06-63EE3FD45463} = {C840D2F9-B821-4C84-B2D2-5CB18C1C9F23}
		{FBD827D7-BDD2-4C9B-A2A7-C1F514E427D7} = {E3D190F9-83DD-4164-9D06-63EE3FD45463}
		{F53EED3F-369A-4BA2-B5DD-61082E15A9B5} = {C840D2F9-B821-4C84-B2D2-5CB18C1C9F23}
		{F42D898A-A891-42E1-99E0-F7EEF7814A12} = {6ED99F10-9BC8-4FE3-B34C-AB17B8F00D61}
		{D2B59FD4-D3B0-4EC2-9897-C58B24186A88} = {2072DE9B-881E-413F-8B61-2403BF4A1405}
		{2072DE9B-881E-413F-8B61-2403BF4A1405} = {6ED99F10-9BC8-4FE3-B34C-AB17B8F00D61}
		{150E417D-A00E-400C-A1EB-C66DA23BC16E} = {6ED99F10-9BC8-4FE3-B34C-AB17B8F00D61}
		{F9A7BDB2-9DCF-4E16-9934-6BE0B83CC284} = {D42B1339-D2AE-42CB-9AF5-78612A3DFB10}
		{49D2699A-427E-4388-B9DF-3C6E5EBF0146} = {6ED99F10-9BC8-4FE3-B34C-AB17B8F00D61}
		{BF7DB35B-E014-4B73-A491-627122312C7C} = {C840D2F9-B821-4C84-B2D2-5CB18C1C9F23}
		{50AD13D4-A4B1-423E-88D5-9985BA9A87B7} = {6ED99F10-9BC8-4FE3-B34C-AB17B8F00D61}
		{16CB40A1-26BB-4950-AB2E-37F37798D00A} = {128F28F2-7131-4C7B-A386-8E6984195241}
		{D42B1339-D2AE-42CB-9AF5-78612A3DFB10} = {C840D2F9-B821-4C84-B2D2-5CB18C1C9F23}
		{27E01094-52D2-4E80-B911-2B6CE218F09A} = {4CA9D0EC-9739-4751-B08B-DF40599F2A52}
		{554E31B4-0DAB-47D1-BB00-C669FD63C16E} = {D42B1339-D2AE-42CB-9AF5-78612A3DFB10}
		{0ECC6BED-E1AB-4DBB-A4A3-9B72B1C2BE57} = {6ED99F10-9BC8-4FE3-B34C-AB17B8F00D61}
		{944257C4-9FD2-49FC-8213-8011F268F705} = {6ED99F10-9BC8-4FE3-B34C-AB17B8F00D61}
		{848A8A0F-0141-4106-A9B5-D56693660238} = {16CB40A1-26BB-4950-AB2E-37F37798D00A}
		{2001E71A-E1DD-4E96-B659-33C5319CD777} = {27E01094-52D2-4E80-B911-2B6CE218F09A}
		{3A0C4DB3-22BB-23A8-FAD3-FDAE10F71E8B} = {27E01094-52D2-4E80-B911-2B6CE218F09A}
		{DC912414-0EC8-4BE2-A984-246D701220D2} = {4CA9D0EC-9739-4751-B08B-DF40599F2A52}
		{FB56BC7F-0437-486E-9D4A-B001D506EDEB} = {D42B1339-D2AE-42CB-9AF5-78612A3DFB10}
		{2F3D88CC-2F76-A213-0B26-C72EE4C6251C} = {6ED99F10-9BC8-4FE3-B34C-AB17B8F00D61}
	EndGlobalSection
	GlobalSection(ExtensibilityGlobals) = postSolution
		SolutionGuid = {DE2DCF26-AB5D-419A-BA72-592FBBB9D7C6}
	EndGlobalSection
EndGlobal
